
Microsoft Visual Studio Solution File, Format Version 12.00
# Visual Studio Version 16
VisualStudioVersion = 16.0.31025.194
MinimumVisualStudioVersion = 10.0.40219.1
Project("{8BC9CEB8-8B4A-11D0-8D11-00A0C91BC942}") = "Bisect", "Bisect\Bisect.vcxproj", "{45F3F2F1-D12E-41E9-99E6-1100E1053BCF}"
EndProject
Project("{8BC9CEB8-8B4A-11D0-8D11-00A0C91BC942}") = "Secant", "Secant\Secant.vcxproj", "{3FB20F31-1587-4C8E-B448-E2FD15222C03}"
EndProject
Project("{8BC9CEB8-8B4A-11D0-8D11-00A0C91BC942}") = "Polnewton", "Polnewton\Polnewton.vcxproj", "{A06D1E12-D671-44C0-9C13-DEC2523D1CC4}"
EndProject
Project("{8BC9CEB8-8B4A-11D0-8D11-00A0C91BC942}") = "Laguerre", "Laguerre\Laguerre.vcxproj", "{C0F97B99-C57F-4670-9A7C-C9F434148160}"
EndProject
Project("{8BC9CEB8-8B4A-11D0-8D11-00A0C91BC942}") = "zad6", "zad6\zad6.vcxproj", "{F9C8A741-E163-4CBD-AD98-AD1622BE439C}"
EndProject
Project("{8BC9CEB8-8B4A-11D0-8D11-00A0C91BC942}") = "zad8", "zad8\zad8.vcxproj", "{24AEE06E-2935-429E-9D93-CA8F9775BC9B}"
EndProject
Project("{8BC9CEB8-8B4A-11D0-8D11-00A0C91BC942}") = "zad9", "zad9\zad9.vcxproj", "{B02F7BD6-3BB8-4912-B2D5-BC9F3481D865}"
EndProject
Project("{8BC9CEB8-8B4A-11D0-8D11-00A0C91BC942}") = "IntHermit", "IntHermit\IntHermit.vcxproj", "{6B67DF2E-6CE7-478F-9D09-ADC79A7C2502}"
EndProject
Project("{8BC9CEB8-8B4A-11D0-8D11-00A0C91BC942}") = "Richard", "Richard\Richard.vcxproj", "{6759BA2D-DC9C-4B9A-B717-69EB910D8DBB}"
EndProject
Project("{8BC9CEB8-8B4A-11D0-8D11-00A0C91BC942}") = "Simp", "Simp\Simp.vcxproj", "{50C9C7D6-2A92-45E3-B2B6-61A03CBB0C22}"
EndProject
Global
	GlobalSection(SolutionConfigurationPlatforms) = preSolution
		Debug|x64 = Debug|x64
		Debug|x86 = Debug|x86
		Release|x64 = Release|x64
		Release|x86 = Release|x86
	EndGlobalSection
	GlobalSection(ProjectConfigurationPlatforms) = postSolution
		{45F3F2F1-D12E-41E9-99E6-1100E1053BCF}.Debug|x64.ActiveCfg = Debug|x64
		{45F3F2F1-D12E-41E9-99E6-1100E1053BCF}.Debug|x64.Build.0 = Debug|x64
		{45F3F2F1-D12E-41E9-99E6-1100E1053BCF}.Debug|x86.ActiveCfg = Debug|Win32
		{45F3F2F1-D12E-41E9-99E6-1100E1053BCF}.Debug|x86.Build.0 = Debug|Win32
		{45F3F2F1-D12E-41E9-99E6-1100E1053BCF}.Release|x64.ActiveCfg = Release|x64
		{45F3F2F1-D12E-41E9-99E6-1100E1053BCF}.Release|x64.Build.0 = Release|x64
		{45F3F2F1-D12E-41E9-99E6-1100E1053BCF}.Release|x86.ActiveCfg = Release|Win32
		{45F3F2F1-D12E-41E9-99E6-1100E1053BCF}.Release|x86.Build.0 = Release|Win32
		{3FB20F31-1587-4C8E-B448-E2FD15222C03}.Debug|x64.ActiveCfg = Debug|x64
		{3FB20F31-1587-4C8E-B448-E2FD15222C03}.Debug|x64.Build.0 = Debug|x64
		{3FB20F31-1587-4C8E-B448-E2FD15222C03}.Debug|x86.ActiveCfg = Debug|Win32
		{3FB20F31-1587-4C8E-B448-E2FD15222C03}.Debug|x86.Build.0 = Debug|Win32
		{3FB20F31-1587-4C8E-B448-E2FD15222C03}.Release|x64.ActiveCfg = Release|x64
		{3FB20F31-1587-4C8E-B448-E2FD15222C03}.Release|x64.Build.0 = Release|x64
		{3FB20F31-1587-4C8E-B448-E2FD15222C03}.Release|x86.ActiveCfg = Release|Win32
		{3FB20F31-1587-4C8E-B448-E2FD15222C03}.Release|x86.Build.0 = Release|Win32
		{A06D1E12-D671-44C0-9C13-DEC2523D1CC4}.Debug|x64.ActiveCfg = Debug|x64
		{A06D1E12-D671-44C0-9C13-DEC2523D1CC4}.Debug|x64.Build.0 = Debug|x64
		{A06D1E12-D671-44C0-9C13-DEC2523D1CC4}.Debug|x86.ActiveCfg = Debug|Win32
		{A06D1E12-D671-44C0-9C13-DEC2523D1CC4}.Debug|x86.Build.0 = Debug|Win32
		{A06D1E12-D671-44C0-9C13-DEC2523D1CC4}.Release|x64.ActiveCfg = Release|x64
		{A06D1E12-D671-44C0-9C13-DEC2523D1CC4}.Release|x64.Build.0 = Release|x64
		{A06D1E12-D671-44C0-9C13-DEC2523D1CC4}.Release|x86.ActiveCfg = Release|Win32
		{A06D1E12-D671-44C0-9C13-DEC2523D1CC4}.Release|x86.Build.0 = Release|Win32
		{C0F97B99-C57F-4670-9A7C-C9F434148160}.Debug|x64.ActiveCfg = Debug|x64
		{C0F97B99-C57F-4670-9A7C-C9F434148160}.Debug|x64.Build.0 = Debug|x64
		{C0F97B99-C57F-4670-9A7C-C9F434148160}.Debug|x86.ActiveCfg = Debug|Win32
		{C0F97B99-C57F-4670-9A7C-C9F434148160}.Debug|x86.Build.0 = Debug|Win32
		{C0F97B99-C57F-4670-9A7C-C9F434148160}.Release|x64.ActiveCfg = Release|x64
		{C0F97B99-C57F-4670-9A7C-C9F434148160}.Release|x64.Build.0 = Release|x64
		{C0F97B99-C57F-4670-9A7C-C9F434148160}.Release|x86.ActiveCfg = Release|Win32
		{C0F97B99-C57F-4670-9A7C-C9F434148160}.Release|x86.Build.0 = Release|Win32
		{F9C8A741-E163-4CBD-AD98-AD1622BE439C}.Debug|x64.ActiveCfg = Debug|x64
		{F9C8A741-E163-4CBD-AD98-AD1622BE439C}.Debug|x64.Build.0 = Debug|x64
		{F9C8A741-E163-4CBD-AD98-AD1622BE439C}.Debug|x86.ActiveCfg = Debug|Win32
		{F9C8A741-E163-4CBD-AD98-AD1622BE439C}.Debug|x86.Build.0 = Debug|Win32
		{F9C8A741-E163-4CBD-AD98-AD1622BE439C}.Release|x64.ActiveCfg = Release|x64
		{F9C8A741-E163-4CBD-AD98-AD1622BE439C}.Release|x64.Build.0 = Release|x64
		{F9C8A741-E163-4CBD-AD98-AD1622BE439C}.Release|x86.ActiveCfg = Release|Win32
		{F9C8A741-E163-4CBD-AD98-AD1622BE439C}.Release|x86.Build.0 = Release|Win32
		{24AEE06E-2935-429E-9D93-CA8F9775BC9B}.Debug|x64.ActiveCfg = Debug|x64
		{24AEE06E-2935-429E-9D93-CA8F9775BC9B}.Debug|x64.Build.0 = Debug|x64
		{24AEE06E-2935-429E-9D93-CA8F9775BC9B}.Debug|x86.ActiveCfg = Debug|Win32
		{24AEE06E-2935-429E-9D93-CA8F9775BC9B}.Debug|x86.Build.0 = Debug|Win32
		{24AEE06E-2935-429E-9D93-CA8F9775BC9B}.Release|x64.ActiveCfg = Release|x64
		{24AEE06E-2935-429E-9D93-CA8F9775BC9B}.Release|x64.Build.0 = Release|x64
		{24AEE06E-2935-429E-9D93-CA8F9775BC9B}.Release|x86.ActiveCfg = Release|Win32
		{24AEE06E-2935-429E-9D93-CA8F9775BC9B}.Release|x86.Build.0 = Release|Win32
		{B02F7BD6-3BB8-4912-B2D5-BC9F3481D865}.Debug|x64.ActiveCfg = Debug|x64
		{B02F7BD6-3BB8-4912-B2D5-BC9F3481D865}.Debug|x64.Build.0 = Debug|x64
		{B02F7BD6-3BB8-4912-B2D5-BC9F3481D865}.Debug|x86.ActiveCfg = Debug|Win32
		{B02F7BD6-3BB8-4912-B2D5-BC9F3481D865}.Debug|x86.Build.0 = Debug|Win32
		{B02F7BD6-3BB8-4912-B2D5-BC9F3481D865}.Release|x64.ActiveCfg = Release|x64
		{B02F7BD6-3BB8-4912-B2D5-BC9F3481D865}.Release|x64.Build.0 = Release|x64
		{B02F7BD6-3BB8-4912-B2D5-BC9F3481D865}.Release|x86.ActiveCfg = Release|Win32
		{B02F7BD6-3BB8-4912-B2D5-BC9F3481D865}.Release|x86.Build.0 = Release|Win32
		{6B67DF2E-6CE7-478F-9D09-ADC79A7C2502}.Debug|x64.ActiveCfg = Debug|x64
		{6B67DF2E-6CE7-478F-9D09-ADC79A7C2502}.Debug|x64.Build.0 = Debug|x64
		{6B67DF2E-6CE7-478F-9D09-ADC79A7C2502}.Debug|x86.ActiveCfg = Debug|Win32
		{6B67DF2E-6CE7-478F-9D09-ADC79A7C2502}.Debug|x86.Build.0 = Debug|Win32
		{6B67DF2E-6CE7-478F-9D09-ADC79A7C2502}.Release|x64.ActiveCfg = Release|x64
		{6B67DF2E-6CE7-478F-9D09-ADC79A7C2502}.Release|x64.Build.0 = Release|x64
		{6B67DF2E-6CE7-478F-9D09-ADC79A7C2502}.Release|x86.ActiveCfg = Release|Win32
		{6B67DF2E-6CE7-478F-9D09-ADC79A7C2502}.Release|x86.Build.0 = Release|Win32
		{6759BA2D-DC9C-4B9A-B717-69EB910D8DBB}.Debug|x64.ActiveCfg = Debug|x64
		{6759BA2D-DC9C-4B9A-B717-69EB910D8DBB}.Debug|x64.Build.0 = Debug|x64
		{6759BA2D-DC9C-4B9A-B717-69EB910D8DBB}.Debug|x86.ActiveCfg = Debug|Win32
		{6759BA2D-DC9C-4B9A-B717-69EB910D8DBB}.Debug|x86.Build.0 = Debug|Win32
		{6759BA2D-DC9C-4B9A-B717-69EB910D8DBB}.Release|x64.ActiveCfg = Release|x64
		{6759BA2D-DC9C-4B9A-B717-69EB910D8DBB}.Release|x64.Build.0 = Release|x64
		{6759BA2D-DC9C-4B9A-B717-69EB910D8DBB}.Release|x86.ActiveCfg = Release|Win32
		{6759BA2D-DC9C-4B9A-B717-69EB910D8DBB}.Release|x86.Build.0 = Release|Win32
		{50C9C7D6-2A92-45E3-B2B6-61A03CBB0C22}.Debug|x64.ActiveCfg = Debug|x64
		{50C9C7D6-2A92-45E3-B2B6-61A03CBB0C22}.Debug|x64.Build.0 = Debug|x64
		{50C9C7D6-2A92-45E3-B2B6-61A03CBB0C22}.Debug|x86.ActiveCfg = Debug|Win32
		{50C9C7D6-2A92-45E3-B2B6-61A03CBB0C22}.Debug|x86.Build.0 = Debug|Win32
		{50C9C7D6-2A92-45E3-B2B6-61A03CBB0C22}.Release|x64.ActiveCfg = Release|x64
		{50C9C7D6-2A92-45E3-B2B6-61A03CBB0C22}.Release|x64.Build.0 = Release|x64
		{50C9C7D6-2A92-45E3-B2B6-61A03CBB0C22}.Release|x86.ActiveCfg = Release|Win32
		{50C9C7D6-2A92-45E3-B2B6-61A03CBB0C22}.Release|x86.Build.0 = Release|Win32
	EndGlobalSection
	GlobalSection(SolutionProperties) = preSolution
		HideSolutionNode = FALSE
	EndGlobalSection
	GlobalSection(ExtensibilityGlobals) = postSolution
		SolutionGuid = {C7075BFB-C9B6-4B4A-ACD2-DECFBAE28226}
	EndGlobalSection
EndGlobal
